// !$*UTF8*$!
{
	archiveVersion = 1;
	classes = {
	};
	objectVersion = 56;
	objects = {

/* Begin PBXBuildFile section */
		9E054C872A8A148F008B8C69 /* AppDelegate.swift in Sources */ = {isa = PBXBuildFile; fileRef = 9E054C862A8A148F008B8C69 /* AppDelegate.swift */; };
		9E054C892A8A148F008B8C69 /* ViewController.swift in Sources */ = {isa = PBXBuildFile; fileRef = 9E054C882A8A148F008B8C69 /* ViewController.swift */; };
		9E054C8B2A8A1492008B8C69 /* Assets.xcassets in Resources */ = {isa = PBXBuildFile; fileRef = 9E054C8A2A8A1492008B8C69 /* Assets.xcassets */; };
		9E054C8E2A8A1492008B8C69 /* Main.storyboard in Resources */ = {isa = PBXBuildFile; fileRef = 9E054C8C2A8A1492008B8C69 /* Main.storyboard */; };
		9E39C2962A8A17930056E14D /* ZIPFoundation in Frameworks */ = {isa = PBXBuildFile; productRef = 9E39C2952A8A17930056E14D /* ZIPFoundation */; };
		9E39C2CB2A8A19850056E14D /* Quartz.framework in Frameworks */ = {isa = PBXBuildFile; fileRef = 9E39C2CA2A8A19850056E14D /* Quartz.framework */; };
		9E39C2CE2A8A19850056E14D /* PreviewViewController.swift in Sources */ = {isa = PBXBuildFile; fileRef = 9E39C2CD2A8A19850056E14D /* PreviewViewController.swift */; };
		9E39C2D02A8A19850056E14D /* PreviewProvider.swift in Sources */ = {isa = PBXBuildFile; fileRef = 9E39C2CF2A8A19850056E14D /* PreviewProvider.swift */; };
		9E39C2D32A8A19850056E14D /* PreviewViewController.xib in Resources */ = {isa = PBXBuildFile; fileRef = 9E39C2D12A8A19850056E14D /* PreviewViewController.xib */; };
		9E39C2D82A8A19850056E14D /* ql-extension.appex in Embed Foundation Extensions */ = {isa = PBXBuildFile; fileRef = 9E39C2C82A8A19850056E14D /* ql-extension.appex */; settings = {ATTRIBUTES = (RemoveHeadersOnCopy, ); }; };
/* End PBXBuildFile section */

/* Begin PBXContainerItemProxy section */
		9E39C2D62A8A19850056E14D /* PBXContainerItemProxy */ = {
			isa = PBXContainerItemProxy;
			containerPortal = 9E054C7B2A8A148F008B8C69 /* Project object */;
			proxyType = 1;
			remoteGlobalIDString = 9E39C2C72A8A19850056E14D;
			remoteInfo = "ql-extension";
		};
/* End PBXContainerItemProxy section */

/* Begin PBXCopyFilesBuildPhase section */
		9E39C2D92A8A19850056E14D /* Embed Foundation Extensions */ = {
			isa = PBXCopyFilesBuildPhase;
			buildActionMask = 2147483647;
			dstPath = "";
			dstSubfolderSpec = 13;
			files = (
				9E39C2D82A8A19850056E14D /* ql-extension.appex in Embed Foundation Extensions */,
			);
			name = "Embed Foundation Extensions";
			runOnlyForDeploymentPostprocessing = 0;
		};
/* End PBXCopyFilesBuildPhase section */

/* Begin PBXFileReference section */
		9E054C832A8A148F008B8C69 /* zipreview.app */ = {isa = PBXFileReference; explicitFileType = wrapper.application; includeInIndex = 0; path = zipreview.app; sourceTree = BUILT_PRODUCTS_DIR; };
		9E054C862A8A148F008B8C69 /* AppDelegate.swift */ = {isa = PBXFileReference; lastKnownFileType = sourcecode.swift; path = AppDelegate.swift; sourceTree = "<group>"; };
		9E054C882A8A148F008B8C69 /* ViewController.swift */ = {isa = PBXFileReference; lastKnownFileType = sourcecode.swift; path = ViewController.swift; sourceTree = "<group>"; };
		9E054C8A2A8A1492008B8C69 /* Assets.xcassets */ = {isa = PBXFileReference; lastKnownFileType = folder.assetcatalog; path = Assets.xcassets; sourceTree = "<group>"; };
		9E054C8D2A8A1492008B8C69 /* Base */ = {isa = PBXFileReference; lastKnownFileType = file.storyboard; name = Base; path = Base.lproj/Main.storyboard; sourceTree = "<group>"; };
		9E054C8F2A8A1492008B8C69 /* zipreview.entitlements */ = {isa = PBXFileReference; lastKnownFileType = text.plist.entitlements; path = zipreview.entitlements; sourceTree = "<group>"; };
		9E39C2C82A8A19850056E14D /* ql-extension.appex */ = {isa = PBXFileReference; explicitFileType = "wrapper.app-extension"; includeInIndex = 0; path = "ql-extension.appex"; sourceTree = BUILT_PRODUCTS_DIR; };
		9E39C2CA2A8A19850056E14D /* Quartz.framework */ = {isa = PBXFileReference; lastKnownFileType = wrapper.framework; name = Quartz.framework; path = System/Library/Frameworks/Quartz.framework; sourceTree = SDKROOT; };
		9E39C2CD2A8A19850056E14D /* PreviewViewController.swift */ = {isa = PBXFileReference; lastKnownFileType = sourcecode.swift; path = PreviewViewController.swift; sourceTree = "<group>"; };
		9E39C2CF2A8A19850056E14D /* PreviewProvider.swift */ = {isa = PBXFileReference; lastKnownFileType = sourcecode.swift; path = PreviewProvider.swift; sourceTree = "<group>"; };
		9E39C2D22A8A19850056E14D /* Base */ = {isa = PBXFileReference; lastKnownFileType = file.xib; name = Base; path = Base.lproj/PreviewViewController.xib; sourceTree = "<group>"; };
		9E39C2D42A8A19850056E14D /* Info.plist */ = {isa = PBXFileReference; lastKnownFileType = text.plist.xml; path = Info.plist; sourceTree = "<group>"; };
		9E39C2D52A8A19850056E14D /* ql_extension.entitlements */ = {isa = PBXFileReference; lastKnownFileType = text.plist.entitlements; path = ql_extension.entitlements; sourceTree = "<group>"; };
/* End PBXFileReference section */

/* Begin PBXFrameworksBuildPhase section */
		9E054C802A8A148F008B8C69 /* Frameworks */ = {
			isa = PBXFrameworksBuildPhase;
			buildActionMask = 2147483647;
			files = (
				9E39C2962A8A17930056E14D /* ZIPFoundation in Frameworks */,
			);
			runOnlyForDeploymentPostprocessing = 0;
		};
		9E39C2C52A8A19850056E14D /* Frameworks */ = {
			isa = PBXFrameworksBuildPhase;
			buildActionMask = 2147483647;
			files = (
				9E39C2CB2A8A19850056E14D /* Quartz.framework in Frameworks */,
			);
			runOnlyForDeploymentPostprocessing = 0;
		};
/* End PBXFrameworksBuildPhase section */

/* Begin PBXGroup section */
		9E054C7A2A8A148F008B8C69 = {
			isa = PBXGroup;
			children = (
				9E054C852A8A148F008B8C69 /* zipreview */,
				9E39C2CC2A8A19850056E14D /* ql-extension */,
				9E39C2C92A8A19850056E14D /* Frameworks */,
				9E054C842A8A148F008B8C69 /* Products */,
			);
			sourceTree = "<group>";
		};
		9E054C842A8A148F008B8C69 /* Products */ = {
			isa = PBXGroup;
			children = (
				9E054C832A8A148F008B8C69 /* zipreview.app */,
				9E39C2C82A8A19850056E14D /* ql-extension.appex */,
			);
			name = Products;
			sourceTree = "<group>";
		};
		9E054C852A8A148F008B8C69 /* zipreview */ = {
			isa = PBXGroup;
			children = (
				9E054C862A8A148F008B8C69 /* AppDelegate.swift */,
				9E054C882A8A148F008B8C69 /* ViewController.swift */,
				9E054C8A2A8A1492008B8C69 /* Assets.xcassets */,
				9E054C8C2A8A1492008B8C69 /* Main.storyboard */,
				9E054C8F2A8A1492008B8C69 /* zipreview.entitlements */,
			);
			path = zipreview;
			sourceTree = "<group>";
		};
		9E39C2C92A8A19850056E14D /* Frameworks */ = {
			isa = PBXGroup;
			children = (
				9E39C2CA2A8A19850056E14D /* Quartz.framework */,
			);
			name = Frameworks;
			sourceTree = "<group>";
		};
		9E39C2CC2A8A19850056E14D /* ql-extension */ = {
			isa = PBXGroup;
			children = (
				9E39C2CD2A8A19850056E14D /* PreviewViewController.swift */,
				9E39C2CF2A8A19850056E14D /* PreviewProvider.swift */,
				9E39C2D12A8A19850056E14D /* PreviewViewController.xib */,
				9E39C2D42A8A19850056E14D /* Info.plist */,
				9E39C2D52A8A19850056E14D /* ql_extension.entitlements */,
			);
			path = "ql-extension";
			sourceTree = "<group>";
		};
/* End PBXGroup section */

/* Begin PBXNativeTarget section */
		9E054C822A8A148F008B8C69 /* zipreview */ = {
			isa = PBXNativeTarget;
			buildConfigurationList = 9E054C922A8A1492008B8C69 /* Build configuration list for PBXNativeTarget "zipreview" */;
			buildPhases = (
				9E054C7F2A8A148F008B8C69 /* Sources */,
				9E054C802A8A148F008B8C69 /* Frameworks */,
				9E054C812A8A148F008B8C69 /* Resources */,
				9E39C2D92A8A19850056E14D /* Embed Foundation Extensions */,
			);
			buildRules = (
			);
			dependencies = (
				9E39C2D72A8A19850056E14D /* PBXTargetDependency */,
			);
			name = zipreview;
			packageProductDependencies = (
				9E39C2952A8A17930056E14D /* ZIPFoundation */,
			);
			productName = zipreview;
			productReference = 9E054C832A8A148F008B8C69 /* zipreview.app */;
			productType = "com.apple.product-type.application";
		};
		9E39C2C72A8A19850056E14D /* ql-extension */ = {
			isa = PBXNativeTarget;
			buildConfigurationList = 9E39C2DC2A8A19850056E14D /* Build configuration list for PBXNativeTarget "ql-extension" */;
			buildPhases = (
				9E39C2C42A8A19850056E14D /* Sources */,
				9E39C2C52A8A19850056E14D /* Frameworks */,
				9E39C2C62A8A19850056E14D /* Resources */,
			);
			buildRules = (
			);
			dependencies = (
			);
			name = "ql-extension";
			productName = "ql-extension";
			productReference = 9E39C2C82A8A19850056E14D /* ql-extension.appex */;
			productType = "com.apple.product-type.app-extension";
		};
/* End PBXNativeTarget section */

/* Begin PBXProject section */
		9E054C7B2A8A148F008B8C69 /* Project object */ = {
			isa = PBXProject;
			attributes = {
				BuildIndependentTargetsInParallel = 1;
				LastSwiftUpdateCheck = 1430;
				LastUpgradeCheck = 1430;
				TargetAttributes = {
					9E054C822A8A148F008B8C69 = {
						CreatedOnToolsVersion = 14.3.1;
					};
					9E39C2C72A8A19850056E14D = {
						CreatedOnToolsVersion = 14.3.1;
					};
				};
			};
			buildConfigurationList = 9E054C7E2A8A148F008B8C69 /* Build configuration list for PBXProject "zipreview" */;
			compatibilityVersion = "Xcode 14.0";
			developmentRegion = en;
			hasScannedForEncodings = 0;
			knownRegions = (
				en,
				Base,
			);
			mainGroup = 9E054C7A2A8A148F008B8C69;
			packageReferences = (
				9E39C2942A8A17930056E14D /* XCRemoteSwiftPackageReference "ZIPFoundation" */,
			);
			productRefGroup = 9E054C842A8A148F008B8C69 /* Products */;
			projectDirPath = "";
			projectRoot = "";
			targets = (
				9E054C822A8A148F008B8C69 /* zipreview */,
				9E39C2C72A8A19850056E14D /* ql-extension */,
			);
		};
/* End PBXProject section */

/* Begin PBXResourcesBuildPhase section */
		9E054C812A8A148F008B8C69 /* Resources */ = {
			isa = PBXResourcesBuildPhase;
			buildActionMask = 2147483647;
			files = (
				9E054C8B2A8A1492008B8C69 /* Assets.xcassets in Resources */,
				9E054C8E2A8A1492008B8C69 /* Main.storyboard in Resources */,
			);
			runOnlyForDeploymentPostprocessing = 0;
		};
		9E39C2C62A8A19850056E14D /* Resources */ = {
			isa = PBXResourcesBuildPhase;
			buildActionMask = 2147483647;
			files = (
				9E39C2D32A8A19850056E14D /* PreviewViewController.xib in Resources */,
			);
			runOnlyForDeploymentPostprocessing = 0;
		};
/* End PBXResourcesBuildPhase section */

/* Begin PBXSourcesBuildPhase section */
		9E054C7F2A8A148F008B8C69 /* Sources */ = {
			isa = PBXSourcesBuildPhase;
			buildActionMask = 2147483647;
			files = (
				9E054C892A8A148F008B8C69 /* ViewController.swift in Sources */,
				9E054C872A8A148F008B8C69 /* AppDelegate.swift in Sources */,
			);
			runOnlyForDeploymentPostprocessing = 0;
		};
		9E39C2C42A8A19850056E14D /* Sources */ = {
			isa = PBXSourcesBuildPhase;
			buildActionMask = 2147483647;
			files = (
				9E39C2CE2A8A19850056E14D /* PreviewViewController.swift in Sources */,
				9E39C2D02A8A19850056E14D /* PreviewProvider.swift in Sources */,
			);
			runOnlyForDeploymentPostprocessing = 0;
		};
/* End PBXSourcesBuildPhase section */

/* Begin PBXTargetDependency section */
		9E39C2D72A8A19850056E14D /* PBXTargetDependency */ = {
			isa = PBXTargetDependency;
			target = 9E39C2C72A8A19850056E14D /* ql-extension */;
			targetProxy = 9E39C2D62A8A19850056E14D /* PBXContainerItemProxy */;
		};
/* End PBXTargetDependency section */

/* Begin PBXVariantGroup section */
		9E054C8C2A8A1492008B8C69 /* Main.storyboard */ = {
			isa = PBXVariantGroup;
			children = (
				9E054C8D2A8A1492008B8C69 /* Base */,
			);
			name = Main.storyboard;
			sourceTree = "<group>";
		};
		9E39C2D12A8A19850056E14D /* PreviewViewController.xib */ = {
			isa = PBXVariantGroup;
			children = (
				9E39C2D22A8A19850056E14D /* Base */,
			);
			name = PreviewViewController.xib;
			sourceTree = "<group>";
		};
/* End PBXVariantGroup section */

/* Begin XCBuildConfiguration section */
		9E054C902A8A1492008B8C69 /* Debug */ = {
			isa = XCBuildConfiguration;
			buildSettings = {
				ALWAYS_SEARCH_USER_PATHS = NO;
				CLANG_ANALYZER_NONNULL = YES;
				CLANG_ANALYZER_NUMBER_OBJECT_CONVERSION = YES_AGGRESSIVE;
				CLANG_CXX_LANGUAGE_STANDARD = "gnu++20";
				CLANG_ENABLE_MODULES = YES;
				CLANG_ENABLE_OBJC_ARC = YES;
				CLANG_ENABLE_OBJC_WEAK = YES;
				CLANG_WARN_BLOCK_CAPTURE_AUTORELEASING = YES;
				CLANG_WARN_BOOL_CONVERSION = YES;
				CLANG_WARN_COMMA = YES;
				CLANG_WARN_CONSTANT_CONVERSION = YES;
				CLANG_WARN_DEPRECATED_OBJC_IMPLEMENTATIONS = YES;
				CLANG_WARN_DIRECT_OBJC_ISA_USAGE = YES_ERROR;
				CLANG_WARN_DOCUMENTATION_COMMENTS = YES;
				CLANG_WARN_EMPTY_BODY = YES;
				CLANG_WARN_ENUM_CONVERSION = YES;
				CLANG_WARN_INFINITE_RECURSION = YES;
				CLANG_WARN_INT_CONVERSION = YES;
				CLANG_WARN_NON_LITERAL_NULL_CONVERSION = YES;
				CLANG_WARN_OBJC_IMPLICIT_RETAIN_SELF = YES;
				CLANG_WARN_OBJC_LITERAL_CONVERSION = YES;
				CLANG_WARN_OBJC_ROOT_CLASS = YES_ERROR;
				CLANG_WARN_QUOTED_INCLUDE_IN_FRAMEWORK_HEADER = YES;
				CLANG_WARN_RANGE_LOOP_ANALYSIS = YES;
				CLANG_WARN_STRICT_PROTOTYPES = YES;
				CLANG_WARN_SUSPICIOUS_MOVE = YES;
				CLANG_WARN_UNGUARDED_AVAILABILITY = YES_AGGRESSIVE;
				CLANG_WARN_UNREACHABLE_CODE = YES;
				CLANG_WARN__DUPLICATE_METHOD_MATCH = YES;
				COPY_PHASE_STRIP = NO;
				DEBUG_INFORMATION_FORMAT = dwarf;
				ENABLE_STRICT_OBJC_MSGSEND = YES;
				ENABLE_TESTABILITY = YES;
				GCC_C_LANGUAGE_STANDARD = gnu11;
				GCC_DYNAMIC_NO_PIC = NO;
				GCC_NO_COMMON_BLOCKS = YES;
				GCC_OPTIMIZATION_LEVEL = 0;
				GCC_PREPROCESSOR_DEFINITIONS = (
					"DEBUG=1",
					"$(inherited)",
				);
				GCC_WARN_64_TO_32_BIT_CONVERSION = YES;
				GCC_WARN_ABOUT_RETURN_TYPE = YES_ERROR;
				GCC_WARN_UNDECLARED_SELECTOR = YES;
				GCC_WARN_UNINITIALIZED_AUTOS = YES_AGGRESSIVE;
				GCC_WARN_UNUSED_FUNCTION = YES;
				GCC_WARN_UNUSED_VARIABLE = YES;
				MACOSX_DEPLOYMENT_TARGET = 13.3;
				MTL_ENABLE_DEBUG_INFO = INCLUDE_SOURCE;
				MTL_FAST_MATH = YES;
				ONLY_ACTIVE_ARCH = YES;
				SDKROOT = macosx;
				SWIFT_ACTIVE_COMPILATION_CONDITIONS = DEBUG;
				SWIFT_OPTIMIZATION_LEVEL = "-Onone";
			};
			name = Debug;
		};
		9E054C912A8A1492008B8C69 /* Release */ = {
			isa = XCBuildConfiguration;
			buildSettings = {
				ALWAYS_SEARCH_USER_PATHS = NO;
				CLANG_ANALYZER_NONNULL = YES;
				CLANG_ANALYZER_NUMBER_OBJECT_CONVERSION = YES_AGGRESSIVE;
				CLANG_CXX_LANGUAGE_STANDARD = "gnu++20";
				CLANG_ENABLE_MODULES = YES;
				CLANG_ENABLE_OBJC_ARC = YES;
				CLANG_ENABLE_OBJC_WEAK = YES;
				CLANG_WARN_BLOCK_CAPTURE_AUTORELEASING = YES;
				CLANG_WARN_BOOL_CONVERSION = YES;
				CLANG_WARN_COMMA = YES;
				CLANG_WARN_CONSTANT_CONVERSION = YES;
				CLANG_WARN_DEPRECATED_OBJC_IMPLEMENTATIONS = YES;
				CLANG_WARN_DIRECT_OBJC_ISA_USAGE = YES_ERROR;
				CLANG_WARN_DOCUMENTATION_COMMENTS = YES;
				CLANG_WARN_EMPTY_BODY = YES;
				CLANG_WARN_ENUM_CONVERSION = YES;
				CLANG_WARN_INFINITE_RECURSION = YES;
				CLANG_WARN_INT_CONVERSION = YES;
				CLANG_WARN_NON_LITERAL_NULL_CONVERSION = YES;
				CLANG_WARN_OBJC_IMPLICIT_RETAIN_SELF = YES;
				CLANG_WARN_OBJC_LITERAL_CONVERSION = YES;
				CLANG_WARN_OBJC_ROOT_CLASS = YES_ERROR;
				CLANG_WARN_QUOTED_INCLUDE_IN_FRAMEWORK_HEADER = YES;
				CLANG_WARN_RANGE_LOOP_ANALYSIS = YES;
				CLANG_WARN_STRICT_PROTOTYPES = YES;
				CLANG_WARN_SUSPICIOUS_MOVE = YES;
				CLANG_WARN_UNGUARDED_AVAILABILITY = YES_AGGRESSIVE;
				CLANG_WARN_UNREACHABLE_CODE = YES;
				CLANG_WARN__DUPLICATE_METHOD_MATCH = YES;
				COPY_PHASE_STRIP = NO;
				DEBUG_INFORMATION_FORMAT = "dwarf-with-dsym";
				ENABLE_NS_ASSERTIONS = NO;
				ENABLE_STRICT_OBJC_MSGSEND = YES;
				GCC_C_LANGUAGE_STANDARD = gnu11;
				GCC_NO_COMMON_BLOCKS = YES;
				GCC_WARN_64_TO_32_BIT_CONVERSION = YES;
				GCC_WARN_ABOUT_RETURN_TYPE = YES_ERROR;
				GCC_WARN_UNDECLARED_SELECTOR = YES;
				GCC_WARN_UNINITIALIZED_AUTOS = YES_AGGRESSIVE;
				GCC_WARN_UNUSED_FUNCTION = YES;
				GCC_WARN_UNUSED_VARIABLE = YES;
				MACOSX_DEPLOYMENT_TARGET = 13.3;
				MTL_ENABLE_DEBUG_INFO = NO;
				MTL_FAST_MATH = YES;
				SDKROOT = macosx;
				SWIFT_COMPILATION_MODE = wholemodule;
				SWIFT_OPTIMIZATION_LEVEL = "-O";
			};
			name = Release;
		};
		9E054C932A8A1492008B8C69 /* Debug */ = {
			isa = XCBuildConfiguration;
			buildSettings = {
				ALWAYS_EMBED_SWIFT_STANDARD_LIBRARIES = YES;
				ASSETCATALOG_COMPILER_APPICON_NAME = AppIcon;
				ASSETCATALOG_COMPILER_GLOBAL_ACCENT_COLOR_NAME = AccentColor;
				CODE_SIGN_ENTITLEMENTS = zipreview/zipreview.entitlements;
				CODE_SIGN_STYLE = Automatic;
				COMBINE_HIDPI_IMAGES = YES;
				CURRENT_PROJECT_VERSION = 1;
				DEVELOPMENT_TEAM = 9JTFXT4CWH;
				ENABLE_HARDENED_RUNTIME = YES;
				GENERATE_INFOPLIST_FILE = YES;
				INFOPLIST_KEY_NSHumanReadableCopyright = "";
				INFOPLIST_KEY_NSMainStoryboardFile = Main;
				INFOPLIST_KEY_NSPrincipalClass = NSApplication;
				LD_RUNPATH_SEARCH_PATHS = (
					"$(inherited)",
					"@executable_path/../Frameworks",
				);
				MACOSX_DEPLOYMENT_TARGET = 12.0;
				MARKETING_VERSION = 0.1.0;
				PRODUCT_BUNDLE_IDENTIFIER = enchantcode.zipreview;
				PRODUCT_NAME = "$(TARGET_NAME)";
				SWIFT_EMIT_LOC_STRINGS = YES;
				SWIFT_VERSION = 5.0;
			};
			name = Debug;
		};
		9E054C942A8A1492008B8C69 /* Release */ = {
			isa = XCBuildConfiguration;
			buildSettings = {
				ALWAYS_EMBED_SWIFT_STANDARD_LIBRARIES = YES;
				ASSETCATALOG_COMPILER_APPICON_NAME = AppIcon;
				ASSETCATALOG_COMPILER_GLOBAL_ACCENT_COLOR_NAME = AccentColor;
				CODE_SIGN_ENTITLEMENTS = zipreview/zipreview.entitlements;
				CODE_SIGN_STYLE = Automatic;
				COMBINE_HIDPI_IMAGES = YES;
				CURRENT_PROJECT_VERSION = 1;
				DEVELOPMENT_TEAM = 9JTFXT4CWH;
				ENABLE_HARDENED_RUNTIME = YES;
				GENERATE_INFOPLIST_FILE = YES;
				INFOPLIST_KEY_NSHumanReadableCopyright = "";
				INFOPLIST_KEY_NSMainStoryboardFile = Main;
				INFOPLIST_KEY_NSPrincipalClass = NSApplication;
				LD_RUNPATH_SEARCH_PATHS = (
					"$(inherited)",
					"@executable_path/../Frameworks",
				);
				MACOSX_DEPLOYMENT_TARGET = 12.0;
				MARKETING_VERSION = 0.1.0;
				PRODUCT_BUNDLE_IDENTIFIER = enchantcode.zipreview;
				PRODUCT_NAME = "$(TARGET_NAME)";
				SWIFT_EMIT_LOC_STRINGS = YES;
				SWIFT_VERSION = 5.0;
			};
			name = Release;
		};
		9E39C2DA2A8A19850056E14D /* Debug */ = {
			isa = XCBuildConfiguration;
			buildSettings = {
				CODE_SIGN_ENTITLEMENTS = "ql-extension/ql_extension.entitlements";
				CODE_SIGN_STYLE = Automatic;
				CURRENT_PROJECT_VERSION = 1;
				DEVELOPMENT_TEAM = 9JTFXT4CWH;
				ENABLE_HARDENED_RUNTIME = YES;
				GENERATE_INFOPLIST_FILE = YES;
				INFOPLIST_FILE = "ql-extension/Info.plist";
				INFOPLIST_KEY_CFBundleDisplayName = zipreview;
				INFOPLIST_KEY_NSHumanReadableCopyright = "";
				LD_RUNPATH_SEARCH_PATHS = (
					"$(inherited)",
					"@executable_path/../Frameworks",
					"@executable_path/../../../../Frameworks",
				);
				MACOSX_DEPLOYMENT_TARGET = 12.0;
				MARKETING_VERSION = 1.0;
				PRODUCT_BUNDLE_IDENTIFIER = "enchantcode.zipreview.ql-extension";
				PRODUCT_NAME = "$(TARGET_NAME)";
				SKIP_INSTALL = YES;
				SWIFT_EMIT_LOC_STRINGS = YES;
				SWIFT_VERSION = 5.0;
			};
			name = Debug;
		};
		9E39C2DB2A8A19850056E14D /* Release */ = {
			isa = XCBuildConfiguration;
			buildSettings = {
				CODE_SIGN_ENTITLEMENTS = "ql-extension/ql_extension.entitlements";
				CODE_SIGN_STYLE = Automatic;
				CURRENT_PROJECT_VERSION = 1;
				DEVELOPMENT_TEAM = 9JTFXT4CWH;
				ENABLE_HARDENED_RUNTIME = YES;
				GENERATE_INFOPLIST_FILE = YES;
				INFOPLIST_FILE = "ql-extension/Info.plist";
				INFOPLIST_KEY_CFBundleDisplayName = zipreview;
				INFOPLIST_KEY_NSHumanReadableCopyright = "";
				LD_RUNPATH_SEARCH_PATHS = (
					"$(inherited)",
					"@executable_path/../Frameworks",
					"@executable_path/../../../../Frameworks",
				);
				MACOSX_DEPLOYMENT_TARGET = 12.0;
				MARKETING_VERSION = 1.0;
				PRODUCT_BUNDLE_IDENTIFIER = "enchantcode.zipreview.ql-extension";
				PRODUCT_NAME = "$(TARGET_NAME)";
				SKIP_INSTALL = YES;
				SWIFT_EMIT_LOC_STRINGS = YES;
				SWIFT_VERSION = 5.0;
			};
			name = Release;
		};
/* End XCBuildConfiguration section */

/* Begin XCConfigurationList section */
		9E054C7E2A8A148F008B8C69 /* Build configuration list for PBXProject "zipreview" */ = {
			isa = XCConfigurationList;
			buildConfigurations = (
				9E054C902A8A1492008B8C69 /* Debug */,
				9E054C912A8A1492008B8C69 /* Release */,
			);
			defaultConfigurationIsVisible = 0;
			defaultConfigurationName = Release;
		};
		9E054C922A8A1492008B8C69 /* Build configuration list for PBXNativeTarget "zipreview" */ = {
			isa = XCConfigurationList;
			buildConfigurations = (
				9E054C932A8A1492008B8C69 /* Debug */,
				9E054C942A8A1492008B8C69 /* Release */,
			);
			defaultConfigurationIsVisible = 0;
			defaultConfigurationName = Release;
		};
		9E39C2DC2A8A19850056E14D /* Build configuration list for PBXNativeTarget "ql-extension" */ = {
			isa = XCConfigurationList;
			buildConfigurations = (
				9E39C2DA2A8A19850056E14D /* Debug */,
				9E39C2DB2A8A19850056E14D /* Release */,
			);
			defaultConfigurationIsVisible = 0;
			defaultConfigurationName = Release;
		};
/* End XCConfigurationList section */

/* Begin XCRemoteSwiftPackageReference section */
		9E39C2942A8A17930056E14D /* XCRemoteSwiftPackageReference "ZIPFoundation" */ = {
			isa = XCRemoteSwiftPackageReference;
			repositoryURL = "https://github.com/weichsel/ZIPFoundation#license";
			requirement = {
				kind = upToNextMajorVersion;
				minimumVersion = 0.9.16;
			};
		};
/* End XCRemoteSwiftPackageReference section */

/* Begin XCSwiftPackageProductDependency section */
		9E39C2952A8A17930056E14D /* ZIPFoundation */ = {
			isa = XCSwiftPackageProductDependency;
			package = 9E39C2942A8A17930056E14D /* XCRemoteSwiftPackageReference "ZIPFoundation" */;
			productName = ZIPFoundation;
		};
/* End XCSwiftPackageProductDependency section */
	};
	rootObject = 9E054C7B2A8A148F008B8C69 /* Project object */;
}
